
Microsoft Visual Studio Solution File, Format Version 12.00
# Visual Studio Version 16
VisualStudioVersion = 16.0.30204.135
MinimumVisualStudioVersion = 10.0.40219.1
Project("{8BC9CEB8-8B4A-11D0-8D11-00A0C91BC942}") = "ml-skynet-snake", "ml-skynet-snake\ml-skynet-snake.vcxproj", "{63B4DD96-86E5-4B87-99FC-2CE3F758CCB8}"
EndProject
Global
	GlobalSection(SolutionConfigurationPlatforms) = preSolution
		Debug|x64 = Debug|x64
		Debug|x86 = Debug|x86
		Release|x64 = Release|x64
		Release|x86 = Release|x86
	EndGlobalSection
	GlobalSection(ProjectConfigurationPlatforms) = postSolution
		{63B4DD96-86E5-4B87-99FC-2CE3F758CCB8}.Debug|x64.ActiveCfg = Debug|x64
		{63B4DD96-86E5-4B87-99FC-2CE3F758CCB8}.Debug|x64.Build.0 = Debug|x64
		{63B4DD96-86E5-4B87-99FC-2CE3F758CCB8}.Debug|x86.ActiveCfg = Debug|x64
		{63B4DD96-86E5-4B87-99FC-2CE3F758CCB8}.Debug|x86.Build.0 = Debug|x64
		{63B4DD96-86E5-4B87-99FC-2CE3F758CCB8}.Release|x64.ActiveCfg = Release|x64
		{63B4DD96-86E5-4B87-99FC-2CE3F758CCB8}.Release|x64.Build.0 = Release|x64
		{63B4DD96-86E5-4B87-99FC-2CE3F758CCB8}.Release|x86.ActiveCfg = Release|Win32
		{63B4DD96-86E5-4B87-99FC-2CE3F758CCB8}.Release|x86.Build.0 = Release|Win32
	EndGlobalSection
	GlobalSection(SolutionProperties) = preSolution
		HideSolutionNode = FALSE
	EndGlobalSection
	GlobalSection(ExtensibilityGlobals) = postSolution
		SolutionGuid = {CC46CD1C-99C4-460B-AFC1-3036C9E9525C}
	EndGlobalSection
EndGlobal
